
Microsoft Visual Studio Solution File, Format Version 12.00
# Visual Studio Version 17
VisualStudioVersion = 17.2.32616.157
MinimumVisualStudioVersion = 10.0.40219.1
Project("{FAE04EC0-301F-11D3-BF4B-00C04F79EFBC}") = "FoodItemMicroservice", "FoodItemMicroservice\FoodItemMicroservice.csproj", "{854C2639-769E-461D-9581-5F13A8E9C526}"
EndProject
Global
	GlobalSection(SolutionConfigurationPlatforms) = preSolution
		Debug|Any CPU = Debug|Any CPU
		Release|Any CPU = Release|Any CPU
	EndGlobalSection
	GlobalSection(ProjectConfigurationPlatforms) = postSolution
		{854C2639-769E-461D-9581-5F13A8E9C526}.Debug|Any CPU.ActiveCfg = Debug|Any CPU
		{854C2639-769E-461D-9581-5F13A8E9C526}.Debug|Any CPU.Build.0 = Debug|Any CPU
		{854C2639-769E-461D-9581-5F13A8E9C526}.Release|Any CPU.ActiveCfg = Release|Any CPU
		{854C2639-769E-461D-9581-5F13A8E9C526}.Release|Any CPU.Build.0 = Release|Any CPU
	EndGlobalSection
	GlobalSection(SolutionProperties) = preSolution
		HideSolutionNode = FALSE
	EndGlobalSection
	GlobalSection(ExtensibilityGlobals) = postSolution
		SolutionGuid = {75395214-6EC9-402A-BE87-8DAB9879C73D}
	EndGlobalSection
EndGlobal
